// !$*UTF8*$!
{
	archiveVersion = 1;
	classes = {
	};
	objectVersion = 46;
	objects = {

/* Begin PBXBuildFile section */
		A7A162271BD80CBE004E2935 /* AppDelegate.swift in Sources */ = {isa = PBXBuildFile; fileRef = A7A162261BD80CBE004E2935 /* AppDelegate.swift */; };
		A7A162291BD80CBE004E2935 /* ViewController.swift in Sources */ = {isa = PBXBuildFile; fileRef = A7A162281BD80CBE004E2935 /* ViewController.swift */; };
		A7A1622C1BD80CBE004E2935 /* Main.storyboard in Resources */ = {isa = PBXBuildFile; fileRef = A7A1622A1BD80CBE004E2935 /* Main.storyboard */; };
		A7A1622E1BD80CBE004E2935 /* Assets.xcassets in Resources */ = {isa = PBXBuildFile; fileRef = A7A1622D1BD80CBE004E2935 /* Assets.xcassets */; };
		A7A162311BD80CBE004E2935 /* LaunchScreen.storyboard in Resources */ = {isa = PBXBuildFile; fileRef = A7A1622F1BD80CBE004E2935 /* LaunchScreen.storyboard */; };
		A7A1623C1BD80CBE004E2935 /* lab6_youtubeTests.swift in Sources */ = {isa = PBXBuildFile; fileRef = A7A1623B1BD80CBE004E2935 /* lab6_youtubeTests.swift */; };
		A7A162471BD80CBE004E2935 /* lab6_youtubeUITests.swift in Sources */ = {isa = PBXBuildFile; fileRef = A7A162461BD80CBE004E2935 /* lab6_youtubeUITests.swift */; };
/* End PBXBuildFile section */

/* Begin PBXContainerItemProxy section */
		A7A162381BD80CBE004E2935 /* PBXContainerItemProxy */ = {
			isa = PBXContainerItemProxy;
			containerPortal = A7A1621B1BD80CBE004E2935 /* Project object */;
			proxyType = 1;
			remoteGlobalIDString = A7A162221BD80CBE004E2935;
			remoteInfo = "lab6-youtube";
		};
		A7A162431BD80CBE004E2935 /* PBXContainerItemProxy */ = {
			isa = PBXContainerItemProxy;
			containerPortal = A7A1621B1BD80CBE004E2935 /* Project object */;
			proxyType = 1;
			remoteGlobalIDString = A7A162221BD80CBE004E2935;
			remoteInfo = "lab6-youtube";
		};
/* End PBXContainerItemProxy section */

/* Begin PBXFileReference section */
		A7A162231BD80CBE004E2935 /* lab6-youtube.app */ = {isa = PBXFileReference; explicitFileType = wrapper.application; includeInIndex = 0; path = "lab6-youtube.app"; sourceTree = BUILT_PRODUCTS_DIR; };
		A7A162261BD80CBE004E2935 /* AppDelegate.swift */ = {isa = PBXFileReference; lastKnownFileType = sourcecode.swift; path = AppDelegate.swift; sourceTree = "<group>"; };
		A7A162281BD80CBE004E2935 /* ViewController.swift */ = {isa = PBXFileReference; lastKnownFileType = sourcecode.swift; path = ViewController.swift; sourceTree = "<group>"; };
		A7A1622B1BD80CBE004E2935 /* Base */ = {isa = PBXFileReference; lastKnownFileType = file.storyboard; name = Base; path = Base.lproj/Main.storyboard; sourceTree = "<group>"; };
		A7A1622D1BD80CBE004E2935 /* Assets.xcassets */ = {isa = PBXFileReference; lastKnownFileType = folder.assetcatalog; path = Assets.xcassets; sourceTree = "<group>"; };
		A7A162301BD80CBE004E2935 /* Base */ = {isa = PBXFileReference; lastKnownFileType = file.storyboard; name = Base; path = Base.lproj/LaunchScreen.storyboard; sourceTree = "<group>"; };
		A7A162321BD80CBE004E2935 /* Info.plist */ = {isa = PBXFileReference; lastKnownFileType = text.plist.xml; path = Info.plist; sourceTree = "<group>"; };
		A7A162371BD80CBE004E2935 /* lab6-youtubeTests.xctest */ = {isa = PBXFileReference; explicitFileType = wrapper.cfbundle; includeInIndex = 0; path = "lab6-youtubeTests.xctest"; sourceTree = BUILT_PRODUCTS_DIR; };
		A7A1623B1BD80CBE004E2935 /* lab6_youtubeTests.swift */ = {isa = PBXFileReference; lastKnownFileType = sourcecode.swift; path = lab6_youtubeTests.swift; sourceTree = "<group>"; };
		A7A1623D1BD80CBE004E2935 /* Info.plist */ = {isa = PBXFileReference; lastKnownFileType = text.plist.xml; path = Info.plist; sourceTree = "<group>"; };
		A7A162421BD80CBE004E2935 /* lab6-youtubeUITests.xctest */ = {isa = PBXFileReference; explicitFileType = wrapper.cfbundle; includeInIndex = 0; path = "lab6-youtubeUITests.xctest"; sourceTree = BUILT_PRODUCTS_DIR; };
		A7A162461BD80CBE004E2935 /* lab6_youtubeUITests.swift */ = {isa = PBXFileReference; lastKnownFileType = sourcecode.swift; path = lab6_youtubeUITests.swift; sourceTree = "<group>"; };
		A7A162481BD80CBE004E2935 /* Info.plist */ = {isa = PBXFileReference; lastKnownFileType = text.plist.xml; path = Info.plist; sourceTree = "<group>"; };
/* End PBXFileReference section */

/* Begin PBXFrameworksBuildPhase section */
		A7A162201BD80CBE004E2935 /* Frameworks */ = {
			isa = PBXFrameworksBuildPhase;
			buildActionMask = 2147483647;
			files = (
			);
			runOnlyForDeploymentPostprocessing = 0;
		};
		A7A162341BD80CBE004E2935 /* Frameworks */ = {
			isa = PBXFrameworksBuildPhase;
			buildActionMask = 2147483647;
			files = (
			);
			runOnlyForDeploymentPostprocessing = 0;
		};
		A7A1623F1BD80CBE004E2935 /* Frameworks */ = {
			isa = PBXFrameworksBuildPhase;
			buildActionMask = 2147483647;
			files = (
			);
			runOnlyForDeploymentPostprocessing = 0;
		};
/* End PBXFrameworksBuildPhase section */

/* Begin PBXGroup section */
		A7A1621A1BD80CBE004E2935 = {
			isa = PBXGroup;
			children = (
				A7A162251BD80CBE004E2935 /* lab6-youtube */,
				A7A1623A1BD80CBE004E2935 /* lab6-youtubeTests */,
				A7A162451BD80CBE004E2935 /* lab6-youtubeUITests */,
				A7A162241BD80CBE004E2935 /* Products */,
			);
			sourceTree = "<group>";
		};
		A7A162241BD80CBE004E2935 /* Products */ = {
			isa = PBXGroup;
			children = (
				A7A162231BD80CBE004E2935 /* lab6-youtube.app */,
				A7A162371BD80CBE004E2935 /* lab6-youtubeTests.xctest */,
				A7A162421BD80CBE004E2935 /* lab6-youtubeUITests.xctest */,
			);
			name = Products;
			sourceTree = "<group>";
		};
		A7A162251BD80CBE004E2935 /* lab6-youtube */ = {
			isa = PBXGroup;
			children = (
				A7A162261BD80CBE004E2935 /* AppDelegate.swift */,
				A7A162281BD80CBE004E2935 /* ViewController.swift */,
				A7A1622A1BD80CBE004E2935 /* Main.storyboard */,
				A7A1622D1BD80CBE004E2935 /* Assets.xcassets */,
				A7A1622F1BD80CBE004E2935 /* LaunchScreen.storyboard */,
				A7A162321BD80CBE004E2935 /* Info.plist */,
			);
			path = "lab6-youtube";
			sourceTree = "<group>";
		};
		A7A1623A1BD80CBE004E2935 /* lab6-youtubeTests */ = {
			isa = PBXGroup;
			children = (
				A7A1623B1BD80CBE004E2935 /* lab6_youtubeTests.swift */,
				A7A1623D1BD80CBE004E2935 /* Info.plist */,
			);
			path = "lab6-youtubeTests";
			sourceTree = "<group>";
		};
		A7A162451BD80CBE004E2935 /* lab6-youtubeUITests */ = {
			isa = PBXGroup;
			children = (
				A7A162461BD80CBE004E2935 /* lab6_youtubeUITests.swift */,
				A7A162481BD80CBE004E2935 /* Info.plist */,
			);
			path = "lab6-youtubeUITests";
			sourceTree = "<group>";
		};
/* End PBXGroup section */

/* Begin PBXNativeTarget section */
		A7A162221BD80CBE004E2935 /* lab6-youtube */ = {
			isa = PBXNativeTarget;
			buildConfigurationList = A7A1624B1BD80CBE004E2935 /* Build configuration list for PBXNativeTarget "lab6-youtube" */;
			buildPhases = (
				A7A1621F1BD80CBE004E2935 /* Sources */,
				A7A162201BD80CBE004E2935 /* Frameworks */,
				A7A162211BD80CBE004E2935 /* Resources */,
			);
			buildRules = (
			);
			dependencies = (
			);
			name = "lab6-youtube";
			productName = "lab6-youtube";
			productReference = A7A162231BD80CBE004E2935 /* lab6-youtube.app */;
			productType = "com.apple.product-type.application";
		};
		A7A162361BD80CBE004E2935 /* lab6-youtubeTests */ = {
			isa = PBXNativeTarget;
			buildConfigurationList = A7A1624E1BD80CBE004E2935 /* Build configuration list for PBXNativeTarget "lab6-youtubeTests" */;
			buildPhases = (
				A7A162331BD80CBE004E2935 /* Sources */,
				A7A162341BD80CBE004E2935 /* Frameworks */,
				A7A162351BD80CBE004E2935 /* Resources */,
			);
			buildRules = (
			);
			dependencies = (
				A7A162391BD80CBE004E2935 /* PBXTargetDependency */,
			);
			name = "lab6-youtubeTests";
			productName = "lab6-youtubeTests";
			productReference = A7A162371BD80CBE004E2935 /* lab6-youtubeTests.xctest */;
			productType = "com.apple.product-type.bundle.unit-test";
		};
		A7A162411BD80CBE004E2935 /* lab6-youtubeUITests */ = {
			isa = PBXNativeTarget;
			buildConfigurationList = A7A162511BD80CBE004E2935 /* Build configuration list for PBXNativeTarget "lab6-youtubeUITests" */;
			buildPhases = (
				A7A1623E1BD80CBE004E2935 /* Sources */,
				A7A1623F1BD80CBE004E2935 /* Frameworks */,
				A7A162401BD80CBE004E2935 /* Resources */,
			);
			buildRules = (
			);
			dependencies = (
				A7A162441BD80CBE004E2935 /* PBXTargetDependency */,
			);
			name = "lab6-youtubeUITests";
			productName = "lab6-youtubeUITests";
			productReference = A7A162421BD80CBE004E2935 /* lab6-youtubeUITests.xctest */;
			productType = "com.apple.product-type.bundle.ui-testing";
		};
/* End PBXNativeTarget section */

/* Begin PBXProject section */
		A7A1621B1BD80CBE004E2935 /* Project object */ = {
			isa = PBXProject;
			attributes = {
				LastUpgradeCheck = 0700;
				ORGANIZATIONNAME = Yosemite;
				TargetAttributes = {
					A7A162221BD80CBE004E2935 = {
						CreatedOnToolsVersion = 7.0.1;
					};
					A7A162361BD80CBE004E2935 = {
						CreatedOnToolsVersion = 7.0.1;
						TestTargetID = A7A162221BD80CBE004E2935;
					};
					A7A162411BD80CBE004E2935 = {
						CreatedOnToolsVersion = 7.0.1;
						TestTargetID = A7A162221BD80CBE004E2935;
					};
				};
			};
			buildConfigurationList = A7A1621E1BD80CBE004E2935 /* Build configuration list for PBXProject "lab6-youtube" */;
			compatibilityVersion = "Xcode 3.2";
			developmentRegion = English;
			hasScannedForEncodings = 0;
			knownRegions = (
				en,
				Base,
			);
			mainGroup = A7A1621A1BD80CBE004E2935;
			productRefGroup = A7A162241BD80CBE004E2935 /* Products */;
			projectDirPath = "";
			projectRoot = "";
			targets = (
				A7A162221BD80CBE004E2935 /* lab6-youtube */,
				A7A162361BD80CBE004E2935 /* lab6-youtubeTests */,
				A7A162411BD80CBE004E2935 /* lab6-youtubeUITests */,
			);
		};
/* End PBXProject section */

/* Begin PBXResourcesBuildPhase section */
		A7A162211BD80CBE004E2935 /* Resources */ = {
			isa = PBXResourcesBuildPhase;
			buildActionMask = 2147483647;
			files = (
				A7A162311BD80CBE004E2935 /* LaunchScreen.storyboard in Resources */,
				A7A1622E1BD80CBE004E2935 /* Assets.xcassets in Resources */,
				A7A1622C1BD80CBE004E2935 /* Main.storyboard in Resources */,
			);
			runOnlyForDeploymentPostprocessing = 0;
		};
		A7A162351BD80CBE004E2935 /* Resources */ = {
			isa = PBXResourcesBuildPhase;
			buildActionMask = 2147483647;
			files = (
			);
			runOnlyForDeploymentPostprocessing = 0;
		};
		A7A162401BD80CBE004E2935 /* Resources */ = {
			isa = PBXResourcesBuildPhase;
			buildActionMask = 2147483647;
			files = (
			);
			runOnlyForDeploymentPostprocessing = 0;
		};
/* End PBXResourcesBuildPhase section */

/* Begin PBXSourcesBuildPhase section */
		A7A1621F1BD80CBE004E2935 /* Sources */ = {
			isa = PBXSourcesBuildPhase;
			buildActionMask = 2147483647;
			files = (
				A7A162291BD80CBE004E2935 /* ViewController.swift in Sources */,
				A7A162271BD80CBE004E2935 /* AppDelegate.swift in Sources */,
			);
			runOnlyForDeploymentPostprocessing = 0;
		};
		A7A162331BD80CBE004E2935 /* Sources */ = {
			isa = PBXSourcesBuildPhase;
			buildActionMask = 2147483647;
			files = (
				A7A1623C1BD80CBE004E2935 /* lab6_youtubeTests.swift in Sources */,
			);
			runOnlyForDeploymentPostprocessing = 0;
		};
		A7A1623E1BD80CBE004E2935 /* Sources */ = {
			isa = PBXSourcesBuildPhase;
			buildActionMask = 2147483647;
			files = (
				A7A162471BD80CBE004E2935 /* lab6_youtubeUITests.swift in Sources */,
			);
			runOnlyForDeploymentPostprocessing = 0;
		};
/* End PBXSourcesBuildPhase section */

/* Begin PBXTargetDependency section */
		A7A162391BD80CBE004E2935 /* PBXTargetDependency */ = {
			isa = PBXTargetDependency;
			target = A7A162221BD80CBE004E2935 /* lab6-youtube */;
			targetProxy = A7A162381BD80CBE004E2935 /* PBXContainerItemProxy */;
		};
		A7A162441BD80CBE004E2935 /* PBXTargetDependency */ = {
			isa = PBXTargetDependency;
			target = A7A162221BD80CBE004E2935 /* lab6-youtube */;
			targetProxy = A7A162431BD80CBE004E2935 /* PBXContainerItemProxy */;
		};
/* End PBXTargetDependency section */

/* Begin PBXVariantGroup section */
		A7A1622A1BD80CBE004E2935 /* Main.storyboard */ = {
			isa = PBXVariantGroup;
			children = (
				A7A1622B1BD80CBE004E2935 /* Base */,
			);
			name = Main.storyboard;
			sourceTree = "<group>";
		};
		A7A1622F1BD80CBE004E2935 /* LaunchScreen.storyboard */ = {
			isa = PBXVariantGroup;
			children = (
				A7A162301BD80CBE004E2935 /* Base */,
			);
			name = LaunchScreen.storyboard;
			sourceTree = "<group>";
		};
/* End PBXVariantGroup section */

/* Begin XCBuildConfiguration section */
		A7A162491BD80CBE004E2935 /* Debug */ = {
			isa = XCBuildConfiguration;
			buildSettings = {
				ALWAYS_SEARCH_USER_PATHS = NO;
				CLANG_CXX_LANGUAGE_STANDARD = "gnu++0x";
				CLANG_CXX_LIBRARY = "libc++";
				CLANG_ENABLE_MODULES = YES;
				CLANG_ENABLE_OBJC_ARC = YES;
				CLANG_WARN_BOOL_CONVERSION = YES;
				CLANG_WARN_CONSTANT_CONVERSION = YES;
				CLANG_WARN_DIRECT_OBJC_ISA_USAGE = YES_ERROR;
				CLANG_WARN_EMPTY_BODY = YES;
				CLANG_WARN_ENUM_CONVERSION = YES;
				CLANG_WARN_INT_CONVERSION = YES;
				CLANG_WARN_OBJC_ROOT_CLASS = YES_ERROR;
				CLANG_WARN_UNREACHABLE_CODE = YES;
				CLANG_WARN__DUPLICATE_METHOD_MATCH = YES;
				"CODE_SIGN_IDENTITY[sdk=iphoneos*]" = "iPhone Developer";
				COPY_PHASE_STRIP = NO;
				DEBUG_INFORMATION_FORMAT = dwarf;
				ENABLE_STRICT_OBJC_MSGSEND = YES;
				ENABLE_TESTABILITY = YES;
				GCC_C_LANGUAGE_STANDARD = gnu99;
				GCC_DYNAMIC_NO_PIC = NO;
				GCC_NO_COMMON_BLOCKS = YES;
				GCC_OPTIMIZATION_LEVEL = 0;
				GCC_PREPROCESSOR_DEFINITIONS = (
					"DEBUG=1",
					"$(inherited)",
				);
				GCC_WARN_64_TO_32_BIT_CONVERSION = YES;
				GCC_WARN_ABOUT_RETURN_TYPE = YES_ERROR;
				GCC_WARN_UNDECLARED_SELECTOR = YES;
				GCC_WARN_UNINITIALIZED_AUTOS = YES_AGGRESSIVE;
				GCC_WARN_UNUSED_FUNCTION = YES;
				GCC_WARN_UNUSED_VARIABLE = YES;
				IPHONEOS_DEPLOYMENT_TARGET = 9.0;
				MTL_ENABLE_DEBUG_INFO = YES;
				ONLY_ACTIVE_ARCH = YES;
				SDKROOT = iphoneos;
				SWIFT_OPTIMIZATION_LEVEL = "-Onone";
				TARGETED_DEVICE_FAMILY = "1,2";
			};
			name = Debug;
		};
		A7A1624A1BD80CBE004E2935 /* Release */ = {
			isa = XCBuildConfiguration;
			buildSettings = {
				ALWAYS_SEARCH_USER_PATHS = NO;
				CLANG_CXX_LANGUAGE_STANDARD = "gnu++0x";
				CLANG_CXX_LIBRARY = "libc++";
				CLANG_ENABLE_MODULES = YES;
				CLANG_ENABLE_OBJC_ARC = YES;
				CLANG_WARN_BOOL_CONVERSION = YES;
				CLANG_WARN_CONSTANT_CONVERSION = YES;
				CLANG_WARN_DIRECT_OBJC_ISA_USAGE = YES_ERROR;
				CLANG_WARN_EMPTY_BODY = YES;
				CLANG_WARN_ENUM_CONVERSION = YES;
				CLANG_WARN_INT_CONVERSION = YES;
				CLANG_WARN_OBJC_ROOT_CLASS = YES_ERROR;
				CLANG_WARN_UNREACHABLE_CODE = YES;
				CLANG_WARN__DUPLICATE_METHOD_MATCH = YES;
				"CODE_SIGN_IDENTITY[sdk=iphoneos*]" = "iPhone Developer";
				COPY_PHASE_STRIP = NO;
				DEBUG_INFORMATION_FORMAT = "dwarf-with-dsym";
				ENABLE_NS_ASSERTIONS = NO;
				ENABLE_STRICT_OBJC_MSGSEND = YES;
				GCC_C_LANGUAGE_STANDARD = gnu99;
				GCC_NO_COMMON_BLOCKS = YES;
				GCC_WARN_64_TO_32_BIT_CONVERSION = YES;
				GCC_WARN_ABOUT_RETURN_TYPE = YES_ERROR;
				GCC_WARN_UNDECLARED_SELECTOR = YES;
				GCC_WARN_UNINITIALIZED_AUTOS = YES_AGGRESSIVE;
				GCC_WARN_UNUSED_FUNCTION = YES;
				GCC_WARN_UNUSED_VARIABLE = YES;
				IPHONEOS_DEPLOYMENT_TARGET = 9.0;
				MTL_ENABLE_DEBUG_INFO = NO;
				SDKROOT = iphoneos;
				TARGETED_DEVICE_FAMILY = "1,2";
				VALIDATE_PRODUCT = YES;
			};
			name = Release;
		};
		A7A1624C1BD80CBE004E2935 /* Debug */ = {
			isa = XCBuildConfiguration;
			buildSettings = {
				ASSETCATALOG_COMPILER_APPICON_NAME = AppIcon;
				INFOPLIST_FILE = "lab6-youtube/Info.plist";
				LD_RUNPATH_SEARCH_PATHS = "$(inherited) @executable_path/Frameworks";
				PRODUCT_BUNDLE_IDENTIFIER = "com.stepanovich.gabriel.lab6-youtube";
				PRODUCT_NAME = "$(TARGET_NAME)";
			};
			name = Debug;
		};
		A7A1624D1BD80CBE004E2935 /* Release */ = {
			isa = XCBuildConfiguration;
			buildSettings = {
				ASSETCATALOG_COMPILER_APPICON_NAME = AppIcon;
				INFOPLIST_FILE = "lab6-youtube/Info.plist";
				LD_RUNPATH_SEARCH_PATHS = "$(inherited) @executable_path/Frameworks";
				PRODUCT_BUNDLE_IDENTIFIER = "com.stepanovich.gabriel.lab6-youtube";
				PRODUCT_NAME = "$(TARGET_NAME)";
			};
			name = Release;
		};
		A7A1624F1BD80CBE004E2935 /* Debug */ = {
			isa = XCBuildConfiguration;
			buildSettings = {
				BUNDLE_LOADER = "$(TEST_HOST)";
				INFOPLIST_FILE = "lab6-youtubeTests/Info.plist";
				LD_RUNPATH_SEARCH_PATHS = "$(inherited) @executable_path/Frameworks @loader_path/Frameworks";
				PRODUCT_BUNDLE_IDENTIFIER = "com.stepanovich.gabriel.lab6-youtubeTests";
				PRODUCT_NAME = "$(TARGET_NAME)";
				TEST_HOST = "$(BUILT_PRODUCTS_DIR)/lab6-youtube.app/lab6-youtube";
			};
			name = Debug;
		};
		A7A162501BD80CBE004E2935 /* Release */ = {
			isa = XCBuildConfiguration;
			buildSettings = {
				BUNDLE_LOADER = "$(TEST_HOST)";
				INFOPLIST_FILE = "lab6-youtubeTests/Info.plist";
				LD_RUNPATH_SEARCH_PATHS = "$(inherited) @executable_path/Frameworks @loader_path/Frameworks";
				PRODUCT_BUNDLE_IDENTIFIER = "com.stepanovich.gabriel.lab6-youtubeTests";
				PRODUCT_NAME = "$(TARGET_NAME)";
				TEST_HOST = "$(BUILT_PRODUCTS_DIR)/lab6-youtube.app/lab6-youtube";
			};
			name = Release;
		};
		A7A162521BD80CBE004E2935 /* Debug */ = {
			isa = XCBuildConfiguration;
			buildSettings = {
				INFOPLIST_FILE = "lab6-youtubeUITests/Info.plist";
				LD_RUNPATH_SEARCH_PATHS = "$(inherited) @executable_path/Frameworks @loader_path/Frameworks";
				PRODUCT_BUNDLE_IDENTIFIER = "com.stepanovich.gabriel.lab6-youtubeUITests";
				PRODUCT_NAME = "$(TARGET_NAME)";
				TEST_TARGET_NAME = "lab6-youtube";
				USES_XCTRUNNER = YES;
			};
			name = Debug;
		};
		A7A162531BD80CBE004E2935 /* Release */ = {
			isa = XCBuildConfiguration;
			buildSettings = {
				INFOPLIST_FILE = "lab6-youtubeUITests/Info.plist";
				LD_RUNPATH_SEARCH_PATHS = "$(inherited) @executable_path/Frameworks @loader_path/Frameworks";
				PRODUCT_BUNDLE_IDENTIFIER = "com.stepanovich.gabriel.lab6-youtubeUITests";
				PRODUCT_NAME = "$(TARGET_NAME)";
				TEST_TARGET_NAME = "lab6-youtube";
				USES_XCTRUNNER = YES;
			};
			name = Release;
		};
/* End XCBuildConfiguration section */

/* Begin XCConfigurationList section */
		A7A1621E1BD80CBE004E2935 /* Build configuration list for PBXProject "lab6-youtube" */ = {
			isa = XCConfigurationList;
			buildConfigurations = (
				A7A162491BD80CBE004E2935 /* Debug */,
				A7A1624A1BD80CBE004E2935 /* Release */,
			);
			defaultConfigurationIsVisible = 0;
			defaultConfigurationName = Release;
		};
		A7A1624B1BD80CBE004E2935 /* Build configuration list for PBXNativeTarget "lab6-youtube" */ = {
			isa = XCConfigurationList;
			buildConfigurations = (
				A7A1624C1BD80CBE004E2935 /* Debug */,
				A7A1624D1BD80CBE004E2935 /* Release */,
			);
			defaultConfigurationIsVisible = 0;
		};
		A7A1624E1BD80CBE004E2935 /* Build configuration list for PBXNativeTarget "lab6-youtubeTests" */ = {
			isa = XCConfigurationList;
			buildConfigurations = (
				A7A1624F1BD80CBE004E2935 /* Debug */,
				A7A162501BD80CBE004E2935 /* Release */,
			);
			defaultConfigurationIsVisible = 0;
		};
		A7A162511BD80CBE004E2935 /* Build configuration list for PBXNativeTarget "lab6-youtubeUITests" */ = {
			isa = XCConfigurationList;
			buildConfigurations = (
				A7A162521BD80CBE004E2935 /* Debug */,
				A7A162531BD80CBE004E2935 /* Release */,
			);
			defaultConfigurationIsVisible = 0;
		};
/* End XCConfigurationList section */
	};
	rootObject = A7A1621B1BD80CBE004E2935 /* Project object */;
}
